
Microsoft Visual Studio Solution File, Format Version 12.00
# Visual Studio 15
VisualStudioVersion = 15.0.27703.2042
MinimumVisualStudioVersion = 10.0.40219.1
Project("{8BC9CEB8-8B4A-11D0-8D11-00A0C91BC942}") = "IntroToCppML", "IntroToCppML\IntroToCppML.vcxproj", "{30FB67ED-C71A-4663-B137-7CC8B0C689D5}"
EndProject
Project("{8BC9CEB8-8B4A-11D0-8D11-00A0C91BC942}") = "Variables", "Variables\Variables.vcxproj", "{E46211C4-07C8-405F-8DEC-50DC0FA8493D}"
EndProject
Project("{8BC9CEB8-8B4A-11D0-8D11-00A0C91BC942}") = "Conditional Statements", "Conditional Statements\Conditional Statements.vcxproj", "{7CB2ACF3-A73B-4EA7-8746-DA3963593736}"
EndProject
Project("{8BC9CEB8-8B4A-11D0-8D11-00A0C91BC942}") = "Loops", "Loops\Loops.vcxproj", "{9EA5F357-FF15-4E2A-B7D2-77911180D2E8}"
EndProject
Project("{8BC9CEB8-8B4A-11D0-8D11-00A0C91BC942}") = "Arrays", "Arrays\Arrays.vcxproj", "{9F81DF33-CC6E-4805-9318-D908299A24C6}"
EndProject
Project("{8BC9CEB8-8B4A-11D0-8D11-00A0C91BC942}") = "Character Arrays", "Character Arrays\Character Arrays.vcxproj", "{9AB0F8EC-6852-483E-814C-CAFF43FCF6BA}"
EndProject
Project("{8BC9CEB8-8B4A-11D0-8D11-00A0C91BC942}") = "Functions", "Functions\Functions.vcxproj", "{DAC32E12-D9AB-4376-A802-2259AA1C6615}"
EndProject
Project("{8BC9CEB8-8B4A-11D0-8D11-00A0C91BC942}") = "Recursive Functions", "Recursion\Recursion.vcxproj", "{CCFC3095-9B3E-4EA0-BE12-B64BFA842D30}"
EndProject
Project("{8BC9CEB8-8B4A-11D0-8D11-00A0C91BC942}") = "Structures", "Structures\Structures.vcxproj", "{F8278E22-0DA1-4CA0-BD6A-9772B511C6A7}"
EndProject
Project("{8BC9CEB8-8B4A-11D0-8D11-00A0C91BC942}") = "Pointers and Memory", "Pointers and Memory\Pointers and Memory.vcxproj", "{FEBA4413-BB49-4D6D-BE89-EBAE93FC3608}"
EndProject
Project("{8BC9CEB8-8B4A-11D0-8D11-00A0C91BC942}") = "References", "References\References.vcxproj", "{163EC269-66C2-4265-B51E-99F428C9E4CC}"
EndProject
Project("{8BC9CEB8-8B4A-11D0-8D11-00A0C91BC942}") = "Classes", "Classes\Classes.vcxproj", "{EBE2D55E-FE13-4FA6-97B7-E4365C2EF251}"
EndProject
Global
	GlobalSection(SolutionConfigurationPlatforms) = preSolution
		Debug|x64 = Debug|x64
		Debug|x86 = Debug|x86
		Release|x64 = Release|x64
		Release|x86 = Release|x86
	EndGlobalSection
	GlobalSection(ProjectConfigurationPlatforms) = postSolution
		{30FB67ED-C71A-4663-B137-7CC8B0C689D5}.Debug|x64.ActiveCfg = Debug|x64
		{30FB67ED-C71A-4663-B137-7CC8B0C689D5}.Debug|x64.Build.0 = Debug|x64
		{30FB67ED-C71A-4663-B137-7CC8B0C689D5}.Debug|x86.ActiveCfg = Debug|Win32
		{30FB67ED-C71A-4663-B137-7CC8B0C689D5}.Debug|x86.Build.0 = Debug|Win32
		{30FB67ED-C71A-4663-B137-7CC8B0C689D5}.Release|x64.ActiveCfg = Release|x64
		{30FB67ED-C71A-4663-B137-7CC8B0C689D5}.Release|x64.Build.0 = Release|x64
		{30FB67ED-C71A-4663-B137-7CC8B0C689D5}.Release|x86.ActiveCfg = Release|Win32
		{30FB67ED-C71A-4663-B137-7CC8B0C689D5}.Release|x86.Build.0 = Release|Win32
		{E46211C4-07C8-405F-8DEC-50DC0FA8493D}.Debug|x64.ActiveCfg = Debug|x64
		{E46211C4-07C8-405F-8DEC-50DC0FA8493D}.Debug|x64.Build.0 = Debug|x64
		{E46211C4-07C8-405F-8DEC-50DC0FA8493D}.Debug|x86.ActiveCfg = Debug|Win32
		{E46211C4-07C8-405F-8DEC-50DC0FA8493D}.Debug|x86.Build.0 = Debug|Win32
		{E46211C4-07C8-405F-8DEC-50DC0FA8493D}.Release|x64.ActiveCfg = Release|x64
		{E46211C4-07C8-405F-8DEC-50DC0FA8493D}.Release|x64.Build.0 = Release|x64
		{E46211C4-07C8-405F-8DEC-50DC0FA8493D}.Release|x86.ActiveCfg = Release|Win32
		{E46211C4-07C8-405F-8DEC-50DC0FA8493D}.Release|x86.Build.0 = Release|Win32
		{7CB2ACF3-A73B-4EA7-8746-DA3963593736}.Debug|x64.ActiveCfg = Debug|x64
		{7CB2ACF3-A73B-4EA7-8746-DA3963593736}.Debug|x64.Build.0 = Debug|x64
		{7CB2ACF3-A73B-4EA7-8746-DA3963593736}.Debug|x86.ActiveCfg = Debug|Win32
		{7CB2ACF3-A73B-4EA7-8746-DA3963593736}.Debug|x86.Build.0 = Debug|Win32
		{7CB2ACF3-A73B-4EA7-8746-DA3963593736}.Release|x64.ActiveCfg = Release|x64
		{7CB2ACF3-A73B-4EA7-8746-DA3963593736}.Release|x64.Build.0 = Release|x64
		{7CB2ACF3-A73B-4EA7-8746-DA3963593736}.Release|x86.ActiveCfg = Release|Win32
		{7CB2ACF3-A73B-4EA7-8746-DA3963593736}.Release|x86.Build.0 = Release|Win32
		{9EA5F357-FF15-4E2A-B7D2-77911180D2E8}.Debug|x64.ActiveCfg = Debug|x64
		{9EA5F357-FF15-4E2A-B7D2-77911180D2E8}.Debug|x64.Build.0 = Debug|x64
		{9EA5F357-FF15-4E2A-B7D2-77911180D2E8}.Debug|x86.ActiveCfg = Debug|Win32
		{9EA5F357-FF15-4E2A-B7D2-77911180D2E8}.Debug|x86.Build.0 = Debug|Win32
		{9EA5F357-FF15-4E2A-B7D2-77911180D2E8}.Release|x64.ActiveCfg = Release|x64
		{9EA5F357-FF15-4E2A-B7D2-77911180D2E8}.Release|x64.Build.0 = Release|x64
		{9EA5F357-FF15-4E2A-B7D2-77911180D2E8}.Release|x86.ActiveCfg = Release|Win32
		{9EA5F357-FF15-4E2A-B7D2-77911180D2E8}.Release|x86.Build.0 = Release|Win32
		{9F81DF33-CC6E-4805-9318-D908299A24C6}.Debug|x64.ActiveCfg = Debug|x64
		{9F81DF33-CC6E-4805-9318-D908299A24C6}.Debug|x64.Build.0 = Debug|x64
		{9F81DF33-CC6E-4805-9318-D908299A24C6}.Debug|x86.ActiveCfg = Debug|Win32
		{9F81DF33-CC6E-4805-9318-D908299A24C6}.Debug|x86.Build.0 = Debug|Win32
		{9F81DF33-CC6E-4805-9318-D908299A24C6}.Release|x64.ActiveCfg = Release|x64
		{9F81DF33-CC6E-4805-9318-D908299A24C6}.Release|x64.Build.0 = Release|x64
		{9F81DF33-CC6E-4805-9318-D908299A24C6}.Release|x86.ActiveCfg = Release|Win32
		{9F81DF33-CC6E-4805-9318-D908299A24C6}.Release|x86.Build.0 = Release|Win32
		{9AB0F8EC-6852-483E-814C-CAFF43FCF6BA}.Debug|x64.ActiveCfg = Debug|x64
		{9AB0F8EC-6852-483E-814C-CAFF43FCF6BA}.Debug|x64.Build.0 = Debug|x64
		{9AB0F8EC-6852-483E-814C-CAFF43FCF6BA}.Debug|x86.ActiveCfg = Debug|Win32
		{9AB0F8EC-6852-483E-814C-CAFF43FCF6BA}.Debug|x86.Build.0 = Debug|Win32
		{9AB0F8EC-6852-483E-814C-CAFF43FCF6BA}.Release|x64.ActiveCfg = Release|x64
		{9AB0F8EC-6852-483E-814C-CAFF43FCF6BA}.Release|x64.Build.0 = Release|x64
		{9AB0F8EC-6852-483E-814C-CAFF43FCF6BA}.Release|x86.ActiveCfg = Release|Win32
		{9AB0F8EC-6852-483E-814C-CAFF43FCF6BA}.Release|x86.Build.0 = Release|Win32
		{DAC32E12-D9AB-4376-A802-2259AA1C6615}.Debug|x64.ActiveCfg = Debug|x64
		{DAC32E12-D9AB-4376-A802-2259AA1C6615}.Debug|x64.Build.0 = Debug|x64
		{DAC32E12-D9AB-4376-A802-2259AA1C6615}.Debug|x86.ActiveCfg = Debug|Win32
		{DAC32E12-D9AB-4376-A802-2259AA1C6615}.Debug|x86.Build.0 = Debug|Win32
		{DAC32E12-D9AB-4376-A802-2259AA1C6615}.Release|x64.ActiveCfg = Release|x64
		{DAC32E12-D9AB-4376-A802-2259AA1C6615}.Release|x64.Build.0 = Release|x64
		{DAC32E12-D9AB-4376-A802-2259AA1C6615}.Release|x86.ActiveCfg = Release|Win32
		{DAC32E12-D9AB-4376-A802-2259AA1C6615}.Release|x86.Build.0 = Release|Win32
		{CCFC3095-9B3E-4EA0-BE12-B64BFA842D30}.Debug|x64.ActiveCfg = Debug|x64
		{CCFC3095-9B3E-4EA0-BE12-B64BFA842D30}.Debug|x64.Build.0 = Debug|x64
		{CCFC3095-9B3E-4EA0-BE12-B64BFA842D30}.Debug|x86.ActiveCfg = Debug|Win32
		{CCFC3095-9B3E-4EA0-BE12-B64BFA842D30}.Debug|x86.Build.0 = Debug|Win32
		{CCFC3095-9B3E-4EA0-BE12-B64BFA842D30}.Release|x64.ActiveCfg = Release|x64
		{CCFC3095-9B3E-4EA0-BE12-B64BFA842D30}.Release|x64.Build.0 = Release|x64
		{CCFC3095-9B3E-4EA0-BE12-B64BFA842D30}.Release|x86.ActiveCfg = Release|Win32
		{CCFC3095-9B3E-4EA0-BE12-B64BFA842D30}.Release|x86.Build.0 = Release|Win32
		{F8278E22-0DA1-4CA0-BD6A-9772B511C6A7}.Debug|x64.ActiveCfg = Debug|x64
		{F8278E22-0DA1-4CA0-BD6A-9772B511C6A7}.Debug|x64.Build.0 = Debug|x64
		{F8278E22-0DA1-4CA0-BD6A-9772B511C6A7}.Debug|x86.ActiveCfg = Debug|Win32
		{F8278E22-0DA1-4CA0-BD6A-9772B511C6A7}.Debug|x86.Build.0 = Debug|Win32
		{F8278E22-0DA1-4CA0-BD6A-9772B511C6A7}.Release|x64.ActiveCfg = Release|x64
		{F8278E22-0DA1-4CA0-BD6A-9772B511C6A7}.Release|x64.Build.0 = Release|x64
		{F8278E22-0DA1-4CA0-BD6A-9772B511C6A7}.Release|x86.ActiveCfg = Release|Win32
		{F8278E22-0DA1-4CA0-BD6A-9772B511C6A7}.Release|x86.Build.0 = Release|Win32
		{FEBA4413-BB49-4D6D-BE89-EBAE93FC3608}.Debug|x64.ActiveCfg = Debug|x64
		{FEBA4413-BB49-4D6D-BE89-EBAE93FC3608}.Debug|x64.Build.0 = Debug|x64
		{FEBA4413-BB49-4D6D-BE89-EBAE93FC3608}.Debug|x86.ActiveCfg = Debug|Win32
		{FEBA4413-BB49-4D6D-BE89-EBAE93FC3608}.Debug|x86.Build.0 = Debug|Win32
		{FEBA4413-BB49-4D6D-BE89-EBAE93FC3608}.Release|x64.ActiveCfg = Release|x64
		{FEBA4413-BB49-4D6D-BE89-EBAE93FC3608}.Release|x64.Build.0 = Release|x64
		{FEBA4413-BB49-4D6D-BE89-EBAE93FC3608}.Release|x86.ActiveCfg = Release|Win32
		{FEBA4413-BB49-4D6D-BE89-EBAE93FC3608}.Release|x86.Build.0 = Release|Win32
		{163EC269-66C2-4265-B51E-99F428C9E4CC}.Debug|x64.ActiveCfg = Debug|x64
		{163EC269-66C2-4265-B51E-99F428C9E4CC}.Debug|x64.Build.0 = Debug|x64
		{163EC269-66C2-4265-B51E-99F428C9E4CC}.Debug|x86.ActiveCfg = Debug|Win32
		{163EC269-66C2-4265-B51E-99F428C9E4CC}.Debug|x86.Build.0 = Debug|Win32
		{163EC269-66C2-4265-B51E-99F428C9E4CC}.Release|x64.ActiveCfg = Release|x64
		{163EC269-66C2-4265-B51E-99F428C9E4CC}.Release|x64.Build.0 = Release|x64
		{163EC269-66C2-4265-B51E-99F428C9E4CC}.Release|x86.ActiveCfg = Release|Win32
		{163EC269-66C2-4265-B51E-99F428C9E4CC}.Release|x86.Build.0 = Release|Win32
		{EBE2D55E-FE13-4FA6-97B7-E4365C2EF251}.Debug|x64.ActiveCfg = Debug|x64
		{EBE2D55E-FE13-4FA6-97B7-E4365C2EF251}.Debug|x64.Build.0 = Debug|x64
		{EBE2D55E-FE13-4FA6-97B7-E4365C2EF251}.Debug|x86.ActiveCfg = Debug|Win32
		{EBE2D55E-FE13-4FA6-97B7-E4365C2EF251}.Debug|x86.Build.0 = Debug|Win32
		{EBE2D55E-FE13-4FA6-97B7-E4365C2EF251}.Release|x64.ActiveCfg = Release|x64
		{EBE2D55E-FE13-4FA6-97B7-E4365C2EF251}.Release|x64.Build.0 = Release|x64
		{EBE2D55E-FE13-4FA6-97B7-E4365C2EF251}.Release|x86.ActiveCfg = Release|Win32
		{EBE2D55E-FE13-4FA6-97B7-E4365C2EF251}.Release|x86.Build.0 = Release|Win32
	EndGlobalSection
	GlobalSection(SolutionProperties) = preSolution
		HideSolutionNode = FALSE
	EndGlobalSection
	GlobalSection(ExtensibilityGlobals) = postSolution
		SolutionGuid = {D9F077E1-4981-4A6C-8ACC-CB6595FE6F2A}
	EndGlobalSection
EndGlobal
