
Microsoft Visual Studio Solution File, Format Version 12.00
# Visual Studio 14
VisualStudioVersion = 14.0.25123.0
MinimumVisualStudioVersion = 10.0.40219.1
Project("{8BC9CEB8-8B4A-11D0-8D11-00A0C91BC942}") = "IntroToCppML", "IntroToCppML\IntroToCppML.vcxproj", "{30FB67ED-C71A-4663-B137-7CC8B0C689D5}"
EndProject
Project("{8BC9CEB8-8B4A-11D0-8D11-00A0C91BC942}") = "Variables", "Variables\Variables.vcxproj", "{E46211C4-07C8-405F-8DEC-50DC0FA8493D}"
EndProject
Project("{8BC9CEB8-8B4A-11D0-8D11-00A0C91BC942}") = "Conditional Statements", "Conditional Statements\Conditional Statements.vcxproj", "{7CB2ACF3-A73B-4EA7-8746-DA3963593736}"
EndProject
Project("{8BC9CEB8-8B4A-11D0-8D11-00A0C91BC942}") = "Loops", "Loops\Loops.vcxproj", "{9EA5F357-FF15-4E2A-B7D2-77911180D2E8}"
EndProject
Project("{8BC9CEB8-8B4A-11D0-8D11-00A0C91BC942}") = "Arrays", "Arrays\Arrays.vcxproj", "{9F81DF33-CC6E-4805-9318-D908299A24C6}"
EndProject
Global
	GlobalSection(SolutionConfigurationPlatforms) = preSolution
		Debug|x64 = Debug|x64
		Debug|x86 = Debug|x86
		Release|x64 = Release|x64
		Release|x86 = Release|x86
	EndGlobalSection
	GlobalSection(ProjectConfigurationPlatforms) = postSolution
		{30FB67ED-C71A-4663-B137-7CC8B0C689D5}.Debug|x64.ActiveCfg = Debug|x64
		{30FB67ED-C71A-4663-B137-7CC8B0C689D5}.Debug|x64.Build.0 = Debug|x64
		{30FB67ED-C71A-4663-B137-7CC8B0C689D5}.Debug|x86.ActiveCfg = Debug|Win32
		{30FB67ED-C71A-4663-B137-7CC8B0C689D5}.Debug|x86.Build.0 = Debug|Win32
		{30FB67ED-C71A-4663-B137-7CC8B0C689D5}.Release|x64.ActiveCfg = Release|x64
		{30FB67ED-C71A-4663-B137-7CC8B0C689D5}.Release|x64.Build.0 = Release|x64
		{30FB67ED-C71A-4663-B137-7CC8B0C689D5}.Release|x86.ActiveCfg = Release|Win32
		{30FB67ED-C71A-4663-B137-7CC8B0C689D5}.Release|x86.Build.0 = Release|Win32
		{E46211C4-07C8-405F-8DEC-50DC0FA8493D}.Debug|x64.ActiveCfg = Debug|x64
		{E46211C4-07C8-405F-8DEC-50DC0FA8493D}.Debug|x64.Build.0 = Debug|x64
		{E46211C4-07C8-405F-8DEC-50DC0FA8493D}.Debug|x86.ActiveCfg = Debug|Win32
		{E46211C4-07C8-405F-8DEC-50DC0FA8493D}.Debug|x86.Build.0 = Debug|Win32
		{E46211C4-07C8-405F-8DEC-50DC0FA8493D}.Release|x64.ActiveCfg = Release|x64
		{E46211C4-07C8-405F-8DEC-50DC0FA8493D}.Release|x64.Build.0 = Release|x64
		{E46211C4-07C8-405F-8DEC-50DC0FA8493D}.Release|x86.ActiveCfg = Release|Win32
		{E46211C4-07C8-405F-8DEC-50DC0FA8493D}.Release|x86.Build.0 = Release|Win32
		{7CB2ACF3-A73B-4EA7-8746-DA3963593736}.Debug|x64.ActiveCfg = Debug|x64
		{7CB2ACF3-A73B-4EA7-8746-DA3963593736}.Debug|x64.Build.0 = Debug|x64
		{7CB2ACF3-A73B-4EA7-8746-DA3963593736}.Debug|x86.ActiveCfg = Debug|Win32
		{7CB2ACF3-A73B-4EA7-8746-DA3963593736}.Debug|x86.Build.0 = Debug|Win32
		{7CB2ACF3-A73B-4EA7-8746-DA3963593736}.Release|x64.ActiveCfg = Release|x64
		{7CB2ACF3-A73B-4EA7-8746-DA3963593736}.Release|x64.Build.0 = Release|x64
		{7CB2ACF3-A73B-4EA7-8746-DA3963593736}.Release|x86.ActiveCfg = Release|Win32
		{7CB2ACF3-A73B-4EA7-8746-DA3963593736}.Release|x86.Build.0 = Release|Win32
		{9EA5F357-FF15-4E2A-B7D2-77911180D2E8}.Debug|x64.ActiveCfg = Debug|x64
		{9EA5F357-FF15-4E2A-B7D2-77911180D2E8}.Debug|x64.Build.0 = Debug|x64
		{9EA5F357-FF15-4E2A-B7D2-77911180D2E8}.Debug|x86.ActiveCfg = Debug|Win32
		{9EA5F357-FF15-4E2A-B7D2-77911180D2E8}.Debug|x86.Build.0 = Debug|Win32
		{9EA5F357-FF15-4E2A-B7D2-77911180D2E8}.Release|x64.ActiveCfg = Release|x64
		{9EA5F357-FF15-4E2A-B7D2-77911180D2E8}.Release|x64.Build.0 = Release|x64
		{9EA5F357-FF15-4E2A-B7D2-77911180D2E8}.Release|x86.ActiveCfg = Release|Win32
		{9EA5F357-FF15-4E2A-B7D2-77911180D2E8}.Release|x86.Build.0 = Release|Win32
		{9F81DF33-CC6E-4805-9318-D908299A24C6}.Debug|x64.ActiveCfg = Debug|x64
		{9F81DF33-CC6E-4805-9318-D908299A24C6}.Debug|x64.Build.0 = Debug|x64
		{9F81DF33-CC6E-4805-9318-D908299A24C6}.Debug|x86.ActiveCfg = Debug|Win32
		{9F81DF33-CC6E-4805-9318-D908299A24C6}.Debug|x86.Build.0 = Debug|Win32
		{9F81DF33-CC6E-4805-9318-D908299A24C6}.Release|x64.ActiveCfg = Release|x64
		{9F81DF33-CC6E-4805-9318-D908299A24C6}.Release|x64.Build.0 = Release|x64
		{9F81DF33-CC6E-4805-9318-D908299A24C6}.Release|x86.ActiveCfg = Release|Win32
		{9F81DF33-CC6E-4805-9318-D908299A24C6}.Release|x86.Build.0 = Release|Win32
	EndGlobalSection
	GlobalSection(SolutionProperties) = preSolution
		HideSolutionNode = FALSE
	EndGlobalSection
EndGlobal
